
Microsoft Visual Studio Solution File, Format Version 12.00
# Visual Studio Version 17
VisualStudioVersion = 17.3.32929.385
MinimumVisualStudioVersion = 10.0.40219.1
Project("{FAE04EC0-301F-11D3-BF4B-00C04F79EFBC}") = "DamaOyunu2", "DamaOyunu2\DamaOyunu2.csproj", "{CDA655B1-89DE-44DC-8623-940E24B73F4B}"
EndProject
Global
	GlobalSection(SolutionConfigurationPlatforms) = preSolution
		Debug|Any CPU = Debug|Any CPU
		Release|Any CPU = Release|Any CPU
	EndGlobalSection
	GlobalSection(ProjectConfigurationPlatforms) = postSolution
		{CDA655B1-89DE-44DC-8623-940E24B73F4B}.Debug|Any CPU.ActiveCfg = Debug|Any CPU
		{CDA655B1-89DE-44DC-8623-940E24B73F4B}.Debug|Any CPU.Build.0 = Debug|Any CPU
		{CDA655B1-89DE-44DC-8623-940E24B73F4B}.Release|Any CPU.ActiveCfg = Release|Any CPU
		{CDA655B1-89DE-44DC-8623-940E24B73F4B}.Release|Any CPU.Build.0 = Release|Any CPU
	EndGlobalSection
	GlobalSection(SolutionProperties) = preSolution
		HideSolutionNode = FALSE
	EndGlobalSection
	GlobalSection(ExtensibilityGlobals) = postSolution
		SolutionGuid = {3AFFA0BA-2C66-4378-AEA2-D89E38CB2CE7}
	EndGlobalSection
EndGlobal
